{
  "name": "T-DeveloperMVP",
  "lockfileVersion": 3,
  "requires": true,
  "packages": {
    "": {
      "devDependencies": {
        "@aws-sdk/client-bedrock": "^3.859.0",
        "@types/node": "^24.2.0",
        "ts-node": "^10.9.2",
        "typescript": "^5.9.2"
      }
    },
    "backend": {
      "extraneous": true
    },
    "node_modules/@aws-crypto/sha256-browser": {
      "version": "5.2.0",
      "dev": true,
      "license": "Apache-2.0",
      "dependencies": {
        "@aws-crypto/sha256-js": "^5.2.0",
        "@aws-crypto/supports-web-crypto": "^5.2.0",
        "@aws-crypto/util": "^5.2.0",
        "@aws-sdk/types": "^3.222.0",
        "@aws-sdk/util-locate-window": "^3.0.0",
        "@smithy/util-utf8": "^2.0.0",
        "tslib": "^2.6.2"
      }
    },
    "node_modules/@aws-crypto/sha256-browser/node_modules/@smithy/is-array-buffer": {
      "version": "2.2.0",
      "dev": true,
      "license": "Apache-2.0",
      "dependencies": {
        "tslib": "^2.6.2"
      },
      "engines": {
        "node": ">=14.0.0"
      }
    },
    "node_modules/@aws-crypto/sha256-browser/node_modules/@smithy/util-buffer-from": {
      "version": "2.2.0",
      "dev": true,
      "license": "Apache-2.0",
      "dependencies": {
        "@smithy/is-array-buffer": "^2.2.0",
        "tslib": "^2.6.2"
      },
      "engines": {
        "node": ">=14.0.0"
      }
    },
    "node_modules/@aws-crypto/sha256-browser/node_modules/@smithy/util-utf8": {
      "version": "2.3.0",
      "dev": true,
      "license": "Apache-2.0",
      "dependencies": {
        "@smithy/util-buffer-from": "^2.2.0",
        "tslib": "^2.6.2"
      },
      "engines": {
        "node": ">=14.0.0"
      }
    },
    "node_modules/@aws-crypto/sha256-js": {
      "version": "5.2.0",
      "dev": true,
      "license": "Apache-2.0",
      "dependencies": {
        "@aws-crypto/util": "^5.2.0",
        "@aws-sdk/types": "^3.222.0",
        "tslib": "^2.6.2"
      },
      "engines": {
        "node": ">=16.0.0"
      }
    },
    "node_modules/@aws-crypto/supports-web-crypto": {
      "version": "5.2.0",
      "dev": true,
      "license": "Apache-2.0",
      "dependencies": {
        "tslib": "^2.6.2"
      }
    },
    "node_modules/@aws-crypto/util": {
      "version": "5.2.0",
      "dev": true,
      "license": "Apache-2.0",
      "dependencies": {
        "@aws-sdk/types": "^3.222.0",
        "@smithy/util-utf8": "^2.0.0",
        "tslib": "^2.6.2"
      }
    },
    "node_modules/@aws-crypto/util/node_modules/@smithy/is-array-buffer": {
      "version": "2.2.0",
      "dev": true,
      "license": "Apache-2.0",
      "dependencies": {
        "tslib": "^2.6.2"
      },
      "engines": {
        "node": ">=14.0.0"
      }
    },
    "node_modules/@aws-crypto/util/node_modules/@smithy/util-buffer-from": {
      "version": "2.2.0",
      "dev": true,
      "license": "Apache-2.0",
      "dependencies": {
        "@smithy/is-array-buffer": "^2.2.0",
        "tslib": "^2.6.2"
      },
      "engines": {
        "node": ">=14.0.0"
      }
    },
    "node_modules/@aws-crypto/util/node_modules/@smithy/util-utf8": {
      "version": "2.3.0",
      "dev": true,
      "license": "Apache-2.0",
      "dependencies": {
        "@smithy/util-buffer-from": "^2.2.0",
        "tslib": "^2.6.2"
      },
      "engines": {
        "node": ">=14.0.0"
      }
    },
    "node_modules/@aws-sdk/client-bedrock": {
      "version": "3.859.0",
      "resolved": "https://registry.npmjs.org/@aws-sdk/client-bedrock/-/client-bedrock-3.859.0.tgz",
      "integrity": "sha512-Y3h3S4tqzCJFEUwN3SeDB4dK9H8OXGKZDz3XPnRJSTmnI7Q2R2ldxZ89QBmUhfMCSoGeCdXywazofTQUWnFReQ==",
      "dev": true,
      "license": "Apache-2.0",
      "dependencies": {
        "@aws-crypto/sha256-browser": "5.2.0",
        "@aws-crypto/sha256-js": "5.2.0",
        "@aws-sdk/core": "3.858.0",
        "@aws-sdk/credential-provider-node": "3.859.0",
        "@aws-sdk/middleware-host-header": "3.840.0",
        "@aws-sdk/middleware-logger": "3.840.0",
        "@aws-sdk/middleware-recursion-detection": "3.840.0",
        "@aws-sdk/middleware-user-agent": "3.858.0",
        "@aws-sdk/region-config-resolver": "3.840.0",
        "@aws-sdk/token-providers": "3.859.0",
        "@aws-sdk/types": "3.840.0",
        "@aws-sdk/util-endpoints": "3.848.0",
        "@aws-sdk/util-user-agent-browser": "3.840.0",
        "@aws-sdk/util-user-agent-node": "3.858.0",
        "@smithy/config-resolver": "^4.1.4",
        "@smithy/core": "^3.7.2",
        "@smithy/fetch-http-handler": "^5.1.0",
        "@smithy/hash-node": "^4.0.4",
        "@smithy/invalid-dependency": "^4.0.4",
        "@smithy/middleware-content-length": "^4.0.4",
        "@smithy/middleware-endpoint": "^4.1.17",
        "@smithy/middleware-retry": "^4.1.18",
        "@smithy/middleware-serde": "^4.0.8",
        "@smithy/middleware-stack": "^4.0.4",
        "@smithy/node-config-provider": "^4.1.3",
        "@smithy/node-http-handler": "^4.1.0",
        "@smithy/protocol-http": "^5.1.2",
        "@smithy/smithy-client": "^4.4.9",
        "@smithy/types": "^4.3.1",
        "@smithy/url-parser": "^4.0.4",
        "@smithy/util-base64": "^4.0.0",
        "@smithy/util-body-length-browser": "^4.0.0",
        "@smithy/util-body-length-node": "^4.0.0",
        "@smithy/util-defaults-mode-browser": "^4.0.25",
        "@smithy/util-defaults-mode-node": "^4.0.25",
        "@smithy/util-endpoints": "^3.0.6",
        "@smithy/util-middleware": "^4.0.4",
        "@smithy/util-retry": "^4.0.6",
        "@smithy/util-utf8": "^4.0.0",
        "@types/uuid": "^9.0.1",
        "tslib": "^2.6.2",
        "uuid": "^9.0.1"
      },
      "engines": {
        "node": ">=18.0.0"
      }
    },
    "node_modules/@aws-sdk/client-bedrock/node_modules/@aws-sdk/client-sso": {
      "version": "3.858.0",
      "resolved": "https://registry.npmjs.org/@aws-sdk/client-sso/-/client-sso-3.858.0.tgz",
      "integrity": "sha512-iXuZQs4KH6a3Pwnt0uORalzAZ5EXRPr3lBYAsdNwkP8OYyoUz5/TE3BLyw7ceEh0rj4QKGNnNALYo1cDm0EV8w==",
      "dev": true,
      "license": "Apache-2.0",
      "dependencies": {
        "@aws-crypto/sha256-browser": "5.2.0",
        "@aws-crypto/sha256-js": "5.2.0",
        "@aws-sdk/core": "3.858.0",
        "@aws-sdk/middleware-host-header": "3.840.0",
        "@aws-sdk/middleware-logger": "3.840.0",
        "@aws-sdk/middleware-recursion-detection": "3.840.0",
        "@aws-sdk/middleware-user-agent": "3.858.0",
        "@aws-sdk/region-config-resolver": "3.840.0",
        "@aws-sdk/types": "3.840.0",
        "@aws-sdk/util-endpoints": "3.848.0",
        "@aws-sdk/util-user-agent-browser": "3.840.0",
        "@aws-sdk/util-user-agent-node": "3.858.0",
        "@smithy/config-resolver": "^4.1.4",
        "@smithy/core": "^3.7.2",
        "@smithy/fetch-http-handler": "^5.1.0",
        "@smithy/hash-node": "^4.0.4",
        "@smithy/invalid-dependency": "^4.0.4",
        "@smithy/middleware-content-length": "^4.0.4",
        "@smithy/middleware-endpoint": "^4.1.17",
        "@smithy/middleware-retry": "^4.1.18",
        "@smithy/middleware-serde": "^4.0.8",
        "@smithy/middleware-stack": "^4.0.4",
        "@smithy/node-config-provider": "^4.1.3",
        "@smithy/node-http-handler": "^4.1.0",
        "@smithy/protocol-http": "^5.1.2",
        "@smithy/smithy-client": "^4.4.9",
        "@smithy/types": "^4.3.1",
        "@smithy/url-parser": "^4.0.4",
        "@smithy/util-base64": "^4.0.0",
        "@smithy/util-body-length-browser": "^4.0.0",
        "@smithy/util-body-length-node": "^4.0.0",
        "@smithy/util-defaults-mode-browser": "^4.0.25",
        "@smithy/util-defaults-mode-node": "^4.0.25",
        "@smithy/util-endpoints": "^3.0.6",
        "@smithy/util-middleware": "^4.0.4",
        "@smithy/util-retry": "^4.0.6",
        "@smithy/util-utf8": "^4.0.0",
        "tslib": "^2.6.2"
      },
      "engines": {
        "node": ">=18.0.0"
      }
    },
    "node_modules/@aws-sdk/client-bedrock/node_modules/@aws-sdk/core": {
      "version": "3.858.0",
      "resolved": "https://registry.npmjs.org/@aws-sdk/core/-/core-3.858.0.tgz",
      "integrity": "sha512-iWm4QLAS+/XMlnecIU1Y33qbBr1Ju+pmWam3xVCPlY4CSptKpVY+2hXOnmg9SbHAX9C005fWhrIn51oDd00c9A==",
      "dev": true,
      "license": "Apache-2.0",
      "dependencies": {
        "@aws-sdk/types": "3.840.0",
        "@aws-sdk/xml-builder": "3.821.0",
        "@smithy/core": "^3.7.2",
        "@smithy/node-config-provider": "^4.1.3",
        "@smithy/property-provider": "^4.0.4",
        "@smithy/protocol-http": "^5.1.2",
        "@smithy/signature-v4": "^5.1.2",
        "@smithy/smithy-client": "^4.4.9",
        "@smithy/types": "^4.3.1",
        "@smithy/util-base64": "^4.0.0",
        "@smithy/util-body-length-browser": "^4.0.0",
        "@smithy/util-middleware": "^4.0.4",
        "@smithy/util-utf8": "^4.0.0",
        "fast-xml-parser": "5.2.5",
        "tslib": "^2.6.2"
      },
      "engines": {
        "node": ">=18.0.0"
      }
    },
    "node_modules/@aws-sdk/client-bedrock/node_modules/@aws-sdk/credential-provider-env": {
      "version": "3.858.0",
      "resolved": "https://registry.npmjs.org/@aws-sdk/credential-provider-env/-/credential-provider-env-3.858.0.tgz",
      "integrity": "sha512-kZsGyh2BoSRguzlcGtzdLhw/l/n3KYAC+/l/H0SlsOq3RLHF6tO/cRdsLnwoix2bObChHUp03cex63o1gzdx/Q==",
      "dev": true,
      "license": "Apache-2.0",
      "dependencies": {
        "@aws-sdk/core": "3.858.0",
        "@aws-sdk/types": "3.840.0",
        "@smithy/property-provider": "^4.0.4",
        "@smithy/types": "^4.3.1",
        "tslib": "^2.6.2"
      },
      "engines": {
        "node": ">=18.0.0"
      }
    },
    "node_modules/@aws-sdk/client-bedrock/node_modules/@aws-sdk/credential-provider-http": {
      "version": "3.858.0",
      "resolved": "https://registry.npmjs.org/@aws-sdk/credential-provider-http/-/credential-provider-http-3.858.0.tgz",
      "integrity": "sha512-GDnfYl3+NPJQ7WQQYOXEA489B212NinpcIDD7rpsB6IWUPo8yDjT5NceK4uUkIR3MFpNCGt9zd/z6NNLdB2fuQ==",
      "dev": true,
      "license": "Apache-2.0",
      "dependencies": {
        "@aws-sdk/core": "3.858.0",
        "@aws-sdk/types": "3.840.0",
        "@smithy/fetch-http-handler": "^5.1.0",
        "@smithy/node-http-handler": "^4.1.0",
        "@smithy/property-provider": "^4.0.4",
        "@smithy/protocol-http": "^5.1.2",
        "@smithy/smithy-client": "^4.4.9",
        "@smithy/types": "^4.3.1",
        "@smithy/util-stream": "^4.2.3",
        "tslib": "^2.6.2"
      },
      "engines": {
        "node": ">=18.0.0"
      }
    },
    "node_modules/@aws-sdk/client-bedrock/node_modules/@aws-sdk/credential-provider-ini": {
      "version": "3.859.0",
      "resolved": "https://registry.npmjs.org/@aws-sdk/credential-provider-ini/-/credential-provider-ini-3.859.0.tgz",
      "integrity": "sha512-KsccE1T88ZDNhsABnqbQj014n5JMDilAroUErFbGqu5/B3sXqUsYmG54C/BjvGTRUFfzyttK9lB9P9h6ddQ8Cw==",
      "dev": true,
      "license": "Apache-2.0",
      "dependencies": {
        "@aws-sdk/core": "3.858.0",
        "@aws-sdk/credential-provider-env": "3.858.0",
        "@aws-sdk/credential-provider-http": "3.858.0",
        "@aws-sdk/credential-provider-process": "3.858.0",
        "@aws-sdk/credential-provider-sso": "3.859.0",
        "@aws-sdk/credential-provider-web-identity": "3.858.0",
        "@aws-sdk/nested-clients": "3.858.0",
        "@aws-sdk/types": "3.840.0",
        "@smithy/credential-provider-imds": "^4.0.6",
        "@smithy/property-provider": "^4.0.4",
        "@smithy/shared-ini-file-loader": "^4.0.4",
        "@smithy/types": "^4.3.1",
        "tslib": "^2.6.2"
      },
      "engines": {
        "node": ">=18.0.0"
      }
    },
    "node_modules/@aws-sdk/client-bedrock/node_modules/@aws-sdk/credential-provider-node": {
      "version": "3.859.0",
      "resolved": "https://registry.npmjs.org/@aws-sdk/credential-provider-node/-/credential-provider-node-3.859.0.tgz",
      "integrity": "sha512-ZRDB2xU5aSyTR/jDcli30tlycu6RFvQngkZhBs9Zoh2BiYXrfh2MMuoYuZk+7uD6D53Q2RIEldDHR9A/TPlRuA==",
      "dev": true,
      "license": "Apache-2.0",
      "dependencies": {
        "@aws-sdk/credential-provider-env": "3.858.0",
        "@aws-sdk/credential-provider-http": "3.858.0",
        "@aws-sdk/credential-provider-ini": "3.859.0",
        "@aws-sdk/credential-provider-process": "3.858.0",
        "@aws-sdk/credential-provider-sso": "3.859.0",
        "@aws-sdk/credential-provider-web-identity": "3.858.0",
        "@aws-sdk/types": "3.840.0",
        "@smithy/credential-provider-imds": "^4.0.6",
        "@smithy/property-provider": "^4.0.4",
        "@smithy/shared-ini-file-loader": "^4.0.4",
        "@smithy/types": "^4.3.1",
        "tslib": "^2.6.2"
      },
      "engines": {
        "node": ">=18.0.0"
      }
    },
    "node_modules/@aws-sdk/client-bedrock/node_modules/@aws-sdk/credential-provider-process": {
      "version": "3.858.0",
      "resolved": "https://registry.npmjs.org/@aws-sdk/credential-provider-process/-/credential-provider-process-3.858.0.tgz",
      "integrity": "sha512-l5LJWZJMRaZ+LhDjtupFUKEC5hAjgvCRrOvV5T60NCUBOy0Ozxa7Sgx3x+EOwiruuoh3Cn9O+RlbQlJX6IfZIw==",
      "dev": true,
      "license": "Apache-2.0",
      "dependencies": {
        "@aws-sdk/core": "3.858.0",
        "@aws-sdk/types": "3.840.0",
        "@smithy/property-provider": "^4.0.4",
        "@smithy/shared-ini-file-loader": "^4.0.4",
        "@smithy/types": "^4.3.1",
        "tslib": "^2.6.2"
      },
      "engines": {
        "node": ">=18.0.0"
      }
    },
    "node_modules/@aws-sdk/client-bedrock/node_modules/@aws-sdk/credential-provider-sso": {
      "version": "3.859.0",
      "resolved": "https://registry.npmjs.org/@aws-sdk/credential-provider-sso/-/credential-provider-sso-3.859.0.tgz",
      "integrity": "sha512-BwAqmWIivhox5YlFRjManFF8GoTvEySPk6vsJNxDsmGsabY+OQovYxFIYxRCYiHzH7SFjd4Lcd+riJOiXNsvRw==",
      "dev": true,
      "license": "Apache-2.0",
      "dependencies": {
        "@aws-sdk/client-sso": "3.858.0",
        "@aws-sdk/core": "3.858.0",
        "@aws-sdk/token-providers": "3.859.0",
        "@aws-sdk/types": "3.840.0",
        "@smithy/property-provider": "^4.0.4",
        "@smithy/shared-ini-file-loader": "^4.0.4",
        "@smithy/types": "^4.3.1",
        "tslib": "^2.6.2"
      },
      "engines": {
        "node": ">=18.0.0"
      }
    },
    "node_modules/@aws-sdk/client-bedrock/node_modules/@aws-sdk/credential-provider-web-identity": {
      "version": "3.858.0",
      "resolved": "https://registry.npmjs.org/@aws-sdk/credential-provider-web-identity/-/credential-provider-web-identity-3.858.0.tgz",
      "integrity": "sha512-8iULWsH83iZDdUuiDsRb83M0NqIlXjlDbJUIddVsIrfWp4NmanKw77SV6yOZ66nuJjPsn9j7RDb9bfEPCy5SWA==",
      "dev": true,
      "license": "Apache-2.0",
      "dependencies": {
        "@aws-sdk/core": "3.858.0",
        "@aws-sdk/nested-clients": "3.858.0",
        "@aws-sdk/types": "3.840.0",
        "@smithy/property-provider": "^4.0.4",
        "@smithy/types": "^4.3.1",
        "tslib": "^2.6.2"
      },
      "engines": {
        "node": ">=18.0.0"
      }
    },
    "node_modules/@aws-sdk/client-bedrock/node_modules/@aws-sdk/middleware-user-agent": {
      "version": "3.858.0",
      "resolved": "https://registry.npmjs.org/@aws-sdk/middleware-user-agent/-/middleware-user-agent-3.858.0.tgz",
      "integrity": "sha512-pC3FT/sRZ6n5NyXiTVu9dpf1D9j3YbJz3XmeOOwJqO/Mib2PZyIQktvNMPgwaC5KMVB1zWqS5bmCwxpMOnq0UQ==",
      "dev": true,
      "license": "Apache-2.0",
      "dependencies": {
        "@aws-sdk/core": "3.858.0",
        "@aws-sdk/types": "3.840.0",
        "@aws-sdk/util-endpoints": "3.848.0",
        "@smithy/core": "^3.7.2",
        "@smithy/protocol-http": "^5.1.2",
        "@smithy/types": "^4.3.1",
        "tslib": "^2.6.2"
      },
      "engines": {
        "node": ">=18.0.0"
      }
    },
    "node_modules/@aws-sdk/client-bedrock/node_modules/@aws-sdk/nested-clients": {
      "version": "3.858.0",
      "resolved": "https://registry.npmjs.org/@aws-sdk/nested-clients/-/nested-clients-3.858.0.tgz",
      "integrity": "sha512-ChdIj80T2whoWbovmO7o8ICmhEB2S9q4Jes9MBnKAPm69PexcJAK2dQC8yI4/iUP8b3+BHZoUPrYLWjBxIProQ==",
      "dev": true,
      "license": "Apache-2.0",
      "dependencies": {
        "@aws-crypto/sha256-browser": "5.2.0",
        "@aws-crypto/sha256-js": "5.2.0",
        "@aws-sdk/core": "3.858.0",
        "@aws-sdk/middleware-host-header": "3.840.0",
        "@aws-sdk/middleware-logger": "3.840.0",
        "@aws-sdk/middleware-recursion-detection": "3.840.0",
        "@aws-sdk/middleware-user-agent": "3.858.0",
        "@aws-sdk/region-config-resolver": "3.840.0",
        "@aws-sdk/types": "3.840.0",
        "@aws-sdk/util-endpoints": "3.848.0",
        "@aws-sdk/util-user-agent-browser": "3.840.0",
        "@aws-sdk/util-user-agent-node": "3.858.0",
        "@smithy/config-resolver": "^4.1.4",
        "@smithy/core": "^3.7.2",
        "@smithy/fetch-http-handler": "^5.1.0",
        "@smithy/hash-node": "^4.0.4",
        "@smithy/invalid-dependency": "^4.0.4",
        "@smithy/middleware-content-length": "^4.0.4",
        "@smithy/middleware-endpoint": "^4.1.17",
        "@smithy/middleware-retry": "^4.1.18",
        "@smithy/middleware-serde": "^4.0.8",
        "@smithy/middleware-stack": "^4.0.4",
        "@smithy/node-config-provider": "^4.1.3",
        "@smithy/node-http-handler": "^4.1.0",
        "@smithy/protocol-http": "^5.1.2",
        "@smithy/smithy-client": "^4.4.9",
        "@smithy/types": "^4.3.1",
        "@smithy/url-parser": "^4.0.4",
        "@smithy/util-base64": "^4.0.0",
        "@smithy/util-body-length-browser": "^4.0.0",
        "@smithy/util-body-length-node": "^4.0.0",
        "@smithy/util-defaults-mode-browser": "^4.0.25",
        "@smithy/util-defaults-mode-node": "^4.0.25",
        "@smithy/util-endpoints": "^3.0.6",
        "@smithy/util-middleware": "^4.0.4",
        "@smithy/util-retry": "^4.0.6",
        "@smithy/util-utf8": "^4.0.0",
        "tslib": "^2.6.2"
      },
      "engines": {
        "node": ">=18.0.0"
      }
    },
    "node_modules/@aws-sdk/client-bedrock/node_modules/@aws-sdk/token-providers": {
      "version": "3.859.0",
      "resolved": "https://registry.npmjs.org/@aws-sdk/token-providers/-/token-providers-3.859.0.tgz",
      "integrity": "sha512-6P2wlvm9KBWOvRNn0Pt8RntnXg8fzOb5kEShvWsOsAocZeqKNaYbihum5/Onq1ZPoVtkdb++8eWDocDnM4k85Q==",
      "dev": true,
      "license": "Apache-2.0",
      "dependencies": {
        "@aws-sdk/core": "3.858.0",
        "@aws-sdk/nested-clients": "3.858.0",
        "@aws-sdk/types": "3.840.0",
        "@smithy/property-provider": "^4.0.4",
        "@smithy/shared-ini-file-loader": "^4.0.4",
        "@smithy/types": "^4.3.1",
        "tslib": "^2.6.2"
      },
      "engines": {
        "node": ">=18.0.0"
      }
    },
    "node_modules/@aws-sdk/client-bedrock/node_modules/@aws-sdk/util-user-agent-node": {
      "version": "3.858.0",
      "resolved": "https://registry.npmjs.org/@aws-sdk/util-user-agent-node/-/util-user-agent-node-3.858.0.tgz",
      "integrity": "sha512-T1m05QlN8hFpx5/5duMjS8uFSK5e6EXP45HQRkZULVkL3DK+jMaxsnh3KLl5LjUoHn/19M4HM0wNUBhYp4Y2Yw==",
      "dev": true,
      "license": "Apache-2.0",
      "dependencies": {
        "@aws-sdk/middleware-user-agent": "3.858.0",
        "@aws-sdk/types": "3.840.0",
        "@smithy/node-config-provider": "^4.1.3",
        "@smithy/types": "^4.3.1",
        "tslib": "^2.6.2"
      },
      "engines": {
        "node": ">=18.0.0"
      },
      "peerDependencies": {
        "aws-crt": ">=1.0.0"
      },
      "peerDependenciesMeta": {
        "aws-crt": {
          "optional": true
        }
      }
    },
    "node_modules/@aws-sdk/middleware-host-header": {
      "version": "3.840.0",
      "dev": true,
      "license": "Apache-2.0",
      "dependencies": {
        "@aws-sdk/types": "3.840.0",
        "@smithy/protocol-http": "^5.1.2",
        "@smithy/types": "^4.3.1",
        "tslib": "^2.6.2"
      },
      "engines": {
        "node": ">=18.0.0"
      }
    },
    "node_modules/@aws-sdk/middleware-logger": {
      "version": "3.840.0",
      "dev": true,
      "license": "Apache-2.0",
      "dependencies": {
        "@aws-sdk/types": "3.840.0",
        "@smithy/types": "^4.3.1",
        "tslib": "^2.6.2"
      },
      "engines": {
        "node": ">=18.0.0"
      }
    },
    "node_modules/@aws-sdk/middleware-recursion-detection": {
      "version": "3.840.0",
      "dev": true,
      "license": "Apache-2.0",
      "dependencies": {
        "@aws-sdk/types": "3.840.0",
        "@smithy/protocol-http": "^5.1.2",
        "@smithy/types": "^4.3.1",
        "tslib": "^2.6.2"
      },
      "engines": {
        "node": ">=18.0.0"
      }
    },
    "node_modules/@aws-sdk/region-config-resolver": {
      "version": "3.840.0",
      "dev": true,
      "license": "Apache-2.0",
      "dependencies": {
        "@aws-sdk/types": "3.840.0",
        "@smithy/node-config-provider": "^4.1.3",
        "@smithy/types": "^4.3.1",
        "@smithy/util-config-provider": "^4.0.0",
        "@smithy/util-middleware": "^4.0.4",
        "tslib": "^2.6.2"
      },
      "engines": {
        "node": ">=18.0.0"
      }
    },
    "node_modules/@aws-sdk/types": {
      "version": "3.840.0",
      "dev": true,
      "license": "Apache-2.0",
      "dependencies": {
        "@smithy/types": "^4.3.1",
        "tslib": "^2.6.2"
      },
      "engines": {
        "node": ">=18.0.0"
      }
    },
    "node_modules/@aws-sdk/util-endpoints": {
      "version": "3.848.0",
      "dev": true,
      "license": "Apache-2.0",
      "dependencies": {
        "@aws-sdk/types": "3.840.0",
        "@smithy/types": "^4.3.1",
        "@smithy/url-parser": "^4.0.4",
        "@smithy/util-endpoints": "^3.0.6",
        "tslib": "^2.6.2"
      },
      "engines": {
        "node": ">=18.0.0"
      }
    },
    "node_modules/@aws-sdk/util-locate-window": {
      "version": "3.804.0",
      "dev": true,
      "license": "Apache-2.0",
      "dependencies": {
        "tslib": "^2.6.2"
      },
      "engines": {
        "node": ">=18.0.0"
      }
    },
    "node_modules/@aws-sdk/util-user-agent-browser": {
      "version": "3.840.0",
      "dev": true,
      "license": "Apache-2.0",
      "dependencies": {
        "@aws-sdk/types": "3.840.0",
        "@smithy/types": "^4.3.1",
        "bowser": "^2.11.0",
        "tslib": "^2.6.2"
      }
    },
    "node_modules/@aws-sdk/xml-builder": {
      "version": "3.821.0",
      "dev": true,
      "license": "Apache-2.0",
      "dependencies": {
        "@smithy/types": "^4.3.1",
        "tslib": "^2.6.2"
      },
      "engines": {
        "node": ">=18.0.0"
      }
    },
    "node_modules/@cspotcode/source-map-support": {
      "version": "0.8.1",
      "dev": true,
      "license": "MIT",
      "dependencies": {
        "@jridgewell/trace-mapping": "0.3.9"
      },
      "engines": {
        "node": ">=12"
      }
    },
    "node_modules/@jridgewell/resolve-uri": {
      "version": "3.1.2",
      "dev": true,
      "license": "MIT",
      "engines": {
        "node": ">=6.0.0"
      }
    },
    "node_modules/@jridgewell/sourcemap-codec": {
      "version": "1.5.4",
      "dev": true,
      "license": "MIT"
    },
    "node_modules/@jridgewell/trace-mapping": {
      "version": "0.3.9",
      "dev": true,
      "license": "MIT",
      "dependencies": {
        "@jridgewell/resolve-uri": "^3.0.3",
        "@jridgewell/sourcemap-codec": "^1.4.10"
      }
    },
    "node_modules/@smithy/abort-controller": {
      "version": "4.0.4",
      "dev": true,
      "license": "Apache-2.0",
      "dependencies": {
        "@smithy/types": "^4.3.1",
        "tslib": "^2.6.2"
      },
      "engines": {
        "node": ">=18.0.0"
      }
    },
    "node_modules/@smithy/config-resolver": {
      "version": "4.1.4",
      "dev": true,
      "license": "Apache-2.0",
      "dependencies": {
        "@smithy/node-config-provider": "^4.1.3",
        "@smithy/types": "^4.3.1",
        "@smithy/util-config-provider": "^4.0.0",
        "@smithy/util-middleware": "^4.0.4",
        "tslib": "^2.6.2"
      },
      "engines": {
        "node": ">=18.0.0"
      }
    },
    "node_modules/@smithy/core": {
      "version": "3.7.2",
      "dev": true,
      "license": "Apache-2.0",
      "dependencies": {
        "@smithy/middleware-serde": "^4.0.8",
        "@smithy/protocol-http": "^5.1.2",
        "@smithy/types": "^4.3.1",
        "@smithy/util-base64": "^4.0.0",
        "@smithy/util-body-length-browser": "^4.0.0",
        "@smithy/util-middleware": "^4.0.4",
        "@smithy/util-stream": "^4.2.3",
        "@smithy/util-utf8": "^4.0.0",
        "tslib": "^2.6.2"
      },
      "engines": {
        "node": ">=18.0.0"
      }
    },
    "node_modules/@smithy/credential-provider-imds": {
      "version": "4.0.6",
      "dev": true,
      "license": "Apache-2.0",
      "dependencies": {
        "@smithy/node-config-provider": "^4.1.3",
        "@smithy/property-provider": "^4.0.4",
        "@smithy/types": "^4.3.1",
        "@smithy/url-parser": "^4.0.4",
        "tslib": "^2.6.2"
      },
      "engines": {
        "node": ">=18.0.0"
      }
    },
    "node_modules/@smithy/fetch-http-handler": {
      "version": "5.1.0",
      "dev": true,
      "license": "Apache-2.0",
      "dependencies": {
        "@smithy/protocol-http": "^5.1.2",
        "@smithy/querystring-builder": "^4.0.4",
        "@smithy/types": "^4.3.1",
        "@smithy/util-base64": "^4.0.0",
        "tslib": "^2.6.2"
      },
      "engines": {
        "node": ">=18.0.0"
      }
    },
    "node_modules/@smithy/hash-node": {
      "version": "4.0.4",
      "dev": true,
      "license": "Apache-2.0",
      "dependencies": {
        "@smithy/types": "^4.3.1",
        "@smithy/util-buffer-from": "^4.0.0",
        "@smithy/util-utf8": "^4.0.0",
        "tslib": "^2.6.2"
      },
      "engines": {
        "node": ">=18.0.0"
      }
    },
    "node_modules/@smithy/invalid-dependency": {
      "version": "4.0.4",
      "dev": true,
      "license": "Apache-2.0",
      "dependencies": {
        "@smithy/types": "^4.3.1",
        "tslib": "^2.6.2"
      },
      "engines": {
        "node": ">=18.0.0"
      }
    },
    "node_modules/@smithy/is-array-buffer": {
      "version": "4.0.0",
      "dev": true,
      "license": "Apache-2.0",
      "dependencies": {
        "tslib": "^2.6.2"
      },
      "engines": {
        "node": ">=18.0.0"
      }
    },
    "node_modules/@smithy/middleware-content-length": {
      "version": "4.0.4",
      "dev": true,
      "license": "Apache-2.0",
      "dependencies": {
        "@smithy/protocol-http": "^5.1.2",
        "@smithy/types": "^4.3.1",
        "tslib": "^2.6.2"
      },
      "engines": {
        "node": ">=18.0.0"
      }
    },
    "node_modules/@smithy/middleware-endpoint": {
      "version": "4.1.17",
      "dev": true,
      "license": "Apache-2.0",
      "dependencies": {
        "@smithy/core": "^3.7.2",
        "@smithy/middleware-serde": "^4.0.8",
        "@smithy/node-config-provider": "^4.1.3",
        "@smithy/shared-ini-file-loader": "^4.0.4",
        "@smithy/types": "^4.3.1",
        "@smithy/url-parser": "^4.0.4",
        "@smithy/util-middleware": "^4.0.4",
        "tslib": "^2.6.2"
      },
      "engines": {
        "node": ">=18.0.0"
      }
    },
    "node_modules/@smithy/middleware-retry": {
      "version": "4.1.18",
      "dev": true,
      "license": "Apache-2.0",
      "dependencies": {
        "@smithy/node-config-provider": "^4.1.3",
        "@smithy/protocol-http": "^5.1.2",
        "@smithy/service-error-classification": "^4.0.6",
        "@smithy/smithy-client": "^4.4.9",
        "@smithy/types": "^4.3.1",
        "@smithy/util-middleware": "^4.0.4",
        "@smithy/util-retry": "^4.0.6",
        "tslib": "^2.6.2",
        "uuid": "^9.0.1"
      },
      "engines": {
        "node": ">=18.0.0"
      }
    },
    "node_modules/@smithy/middleware-serde": {
      "version": "4.0.8",
      "dev": true,
      "license": "Apache-2.0",
      "dependencies": {
        "@smithy/protocol-http": "^5.1.2",
        "@smithy/types": "^4.3.1",
        "tslib": "^2.6.2"
      },
      "engines": {
        "node": ">=18.0.0"
      }
    },
    "node_modules/@smithy/middleware-stack": {
      "version": "4.0.4",
      "dev": true,
      "license": "Apache-2.0",
      "dependencies": {
        "@smithy/types": "^4.3.1",
        "tslib": "^2.6.2"
      },
      "engines": {
        "node": ">=18.0.0"
      }
    },
    "node_modules/@smithy/node-config-provider": {
      "version": "4.1.3",
      "dev": true,
      "license": "Apache-2.0",
      "dependencies": {
        "@smithy/property-provider": "^4.0.4",
        "@smithy/shared-ini-file-loader": "^4.0.4",
        "@smithy/types": "^4.3.1",
        "tslib": "^2.6.2"
      },
      "engines": {
        "node": ">=18.0.0"
      }
    },
    "node_modules/@smithy/node-http-handler": {
      "version": "4.1.0",
      "dev": true,
      "license": "Apache-2.0",
      "dependencies": {
        "@smithy/abort-controller": "^4.0.4",
        "@smithy/protocol-http": "^5.1.2",
        "@smithy/querystring-builder": "^4.0.4",
        "@smithy/types": "^4.3.1",
        "tslib": "^2.6.2"
      },
      "engines": {
        "node": ">=18.0.0"
      }
    },
    "node_modules/@smithy/property-provider": {
      "version": "4.0.4",
      "dev": true,
      "license": "Apache-2.0",
      "dependencies": {
        "@smithy/types": "^4.3.1",
        "tslib": "^2.6.2"
      },
      "engines": {
        "node": ">=18.0.0"
      }
    },
    "node_modules/@smithy/protocol-http": {
      "version": "5.1.2",
      "dev": true,
      "license": "Apache-2.0",
      "dependencies": {
        "@smithy/types": "^4.3.1",
        "tslib": "^2.6.2"
      },
      "engines": {
        "node": ">=18.0.0"
      }
    },
    "node_modules/@smithy/querystring-builder": {
      "version": "4.0.4",
      "dev": true,
      "license": "Apache-2.0",
      "dependencies": {
        "@smithy/types": "^4.3.1",
        "@smithy/util-uri-escape": "^4.0.0",
        "tslib": "^2.6.2"
      },
      "engines": {
        "node": ">=18.0.0"
      }
    },
    "node_modules/@smithy/querystring-parser": {
      "version": "4.0.4",
      "dev": true,
      "license": "Apache-2.0",
      "dependencies": {
        "@smithy/types": "^4.3.1",
        "tslib": "^2.6.2"
      },
      "engines": {
        "node": ">=18.0.0"
      }
    },
    "node_modules/@smithy/service-error-classification": {
      "version": "4.0.6",
      "dev": true,
      "license": "Apache-2.0",
      "dependencies": {
        "@smithy/types": "^4.3.1"
      },
      "engines": {
        "node": ">=18.0.0"
      }
    },
    "node_modules/@smithy/shared-ini-file-loader": {
      "version": "4.0.4",
      "dev": true,
      "license": "Apache-2.0",
      "dependencies": {
        "@smithy/types": "^4.3.1",
        "tslib": "^2.6.2"
      },
      "engines": {
        "node": ">=18.0.0"
      }
    },
    "node_modules/@smithy/signature-v4": {
      "version": "5.1.2",
      "dev": true,
      "license": "Apache-2.0",
      "dependencies": {
        "@smithy/is-array-buffer": "^4.0.0",
        "@smithy/protocol-http": "^5.1.2",
        "@smithy/types": "^4.3.1",
        "@smithy/util-hex-encoding": "^4.0.0",
        "@smithy/util-middleware": "^4.0.4",
        "@smithy/util-uri-escape": "^4.0.0",
        "@smithy/util-utf8": "^4.0.0",
        "tslib": "^2.6.2"
      },
      "engines": {
        "node": ">=18.0.0"
      }
    },
    "node_modules/@smithy/smithy-client": {
      "version": "4.4.9",
      "dev": true,
      "license": "Apache-2.0",
      "dependencies": {
        "@smithy/core": "^3.7.2",
        "@smithy/middleware-endpoint": "^4.1.17",
        "@smithy/middleware-stack": "^4.0.4",
        "@smithy/protocol-http": "^5.1.2",
        "@smithy/types": "^4.3.1",
        "@smithy/util-stream": "^4.2.3",
        "tslib": "^2.6.2"
      },
      "engines": {
        "node": ">=18.0.0"
      }
    },
    "node_modules/@smithy/types": {
      "version": "4.3.1",
      "dev": true,
      "license": "Apache-2.0",
      "dependencies": {
        "tslib": "^2.6.2"
      },
      "engines": {
        "node": ">=18.0.0"
      }
    },
    "node_modules/@smithy/url-parser": {
      "version": "4.0.4",
      "dev": true,
      "license": "Apache-2.0",
      "dependencies": {
        "@smithy/querystring-parser": "^4.0.4",
        "@smithy/types": "^4.3.1",
        "tslib": "^2.6.2"
      },
      "engines": {
        "node": ">=18.0.0"
      }
    },
    "node_modules/@smithy/util-base64": {
      "version": "4.0.0",
      "dev": true,
      "license": "Apache-2.0",
      "dependencies": {
        "@smithy/util-buffer-from": "^4.0.0",
        "@smithy/util-utf8": "^4.0.0",
        "tslib": "^2.6.2"
      },
      "engines": {
        "node": ">=18.0.0"
      }
    },
    "node_modules/@smithy/util-body-length-browser": {
      "version": "4.0.0",
      "dev": true,
      "license": "Apache-2.0",
      "dependencies": {
        "tslib": "^2.6.2"
      },
      "engines": {
        "node": ">=18.0.0"
      }
    },
    "node_modules/@smithy/util-body-length-node": {
      "version": "4.0.0",
      "dev": true,
      "license": "Apache-2.0",
      "dependencies": {
        "tslib": "^2.6.2"
      },
      "engines": {
        "node": ">=18.0.0"
      }
    },
    "node_modules/@smithy/util-buffer-from": {
      "version": "4.0.0",
      "dev": true,
      "license": "Apache-2.0",
      "dependencies": {
        "@smithy/is-array-buffer": "^4.0.0",
        "tslib": "^2.6.2"
      },
      "engines": {
        "node": ">=18.0.0"
      }
    },
    "node_modules/@smithy/util-config-provider": {
      "version": "4.0.0",
      "dev": true,
      "license": "Apache-2.0",
      "dependencies": {
        "tslib": "^2.6.2"
      },
      "engines": {
        "node": ">=18.0.0"
      }
    },
    "node_modules/@smithy/util-defaults-mode-browser": {
      "version": "4.0.25",
      "dev": true,
      "license": "Apache-2.0",
      "dependencies": {
        "@smithy/property-provider": "^4.0.4",
        "@smithy/smithy-client": "^4.4.9",
        "@smithy/types": "^4.3.1",
        "bowser": "^2.11.0",
        "tslib": "^2.6.2"
      },
      "engines": {
        "node": ">=18.0.0"
      }
    },
    "node_modules/@smithy/util-defaults-mode-node": {
      "version": "4.0.25",
      "dev": true,
      "license": "Apache-2.0",
      "dependencies": {
        "@smithy/config-resolver": "^4.1.4",
        "@smithy/credential-provider-imds": "^4.0.6",
        "@smithy/node-config-provider": "^4.1.3",
        "@smithy/property-provider": "^4.0.4",
        "@smithy/smithy-client": "^4.4.9",
        "@smithy/types": "^4.3.1",
        "tslib": "^2.6.2"
      },
      "engines": {
        "node": ">=18.0.0"
      }
    },
    "node_modules/@smithy/util-endpoints": {
      "version": "3.0.6",
      "dev": true,
      "license": "Apache-2.0",
      "dependencies": {
        "@smithy/node-config-provider": "^4.1.3",
        "@smithy/types": "^4.3.1",
        "tslib": "^2.6.2"
      },
      "engines": {
        "node": ">=18.0.0"
      }
    },
    "node_modules/@smithy/util-hex-encoding": {
      "version": "4.0.0",
      "dev": true,
      "license": "Apache-2.0",
      "dependencies": {
        "tslib": "^2.6.2"
      },
      "engines": {
        "node": ">=18.0.0"
      }
    },
    "node_modules/@smithy/util-middleware": {
      "version": "4.0.4",
      "dev": true,
      "license": "Apache-2.0",
      "dependencies": {
        "@smithy/types": "^4.3.1",
        "tslib": "^2.6.2"
      },
      "engines": {
        "node": ">=18.0.0"
      }
    },
    "node_modules/@smithy/util-retry": {
      "version": "4.0.6",
      "dev": true,
      "license": "Apache-2.0",
      "dependencies": {
        "@smithy/service-error-classification": "^4.0.6",
        "@smithy/types": "^4.3.1",
        "tslib": "^2.6.2"
      },
      "engines": {
        "node": ">=18.0.0"
      }
    },
    "node_modules/@smithy/util-stream": {
      "version": "4.2.3",
      "dev": true,
      "license": "Apache-2.0",
      "dependencies": {
        "@smithy/fetch-http-handler": "^5.1.0",
        "@smithy/node-http-handler": "^4.1.0",
        "@smithy/types": "^4.3.1",
        "@smithy/util-base64": "^4.0.0",
        "@smithy/util-buffer-from": "^4.0.0",
        "@smithy/util-hex-encoding": "^4.0.0",
        "@smithy/util-utf8": "^4.0.0",
        "tslib": "^2.6.2"
      },
      "engines": {
        "node": ">=18.0.0"
      }
    },
    "node_modules/@smithy/util-uri-escape": {
      "version": "4.0.0",
      "dev": true,
      "license": "Apache-2.0",
      "dependencies": {
        "tslib": "^2.6.2"
      },
      "engines": {
        "node": ">=18.0.0"
      }
    },
    "node_modules/@smithy/util-utf8": {
      "version": "4.0.0",
      "dev": true,
      "license": "Apache-2.0",
      "dependencies": {
        "@smithy/util-buffer-from": "^4.0.0",
        "tslib": "^2.6.2"
      },
      "engines": {
        "node": ">=18.0.0"
      }
    },
    "node_modules/@tsconfig/node10": {
      "version": "1.0.11",
      "dev": true,
      "license": "MIT"
    },
    "node_modules/@tsconfig/node12": {
      "version": "1.0.11",
      "dev": true,
      "license": "MIT"
    },
    "node_modules/@tsconfig/node14": {
      "version": "1.0.3",
      "dev": true,
      "license": "MIT"
    },
    "node_modules/@tsconfig/node16": {
      "version": "1.0.4",
      "dev": true,
      "license": "MIT"
    },
    "node_modules/@types/node": {
      "version": "24.2.0",
      "resolved": "https://registry.npmjs.org/@types/node/-/node-24.2.0.tgz",
      "integrity": "sha512-3xyG3pMCq3oYCNg7/ZP+E1ooTaGB4cG8JWRsqqOYQdbWNY4zbaV0Ennrd7stjiJEFZCaybcIgpTjJWHRfBSIDw==",
      "dev": true,
      "license": "MIT",
      "dependencies": {
        "undici-types": "~7.10.0"
      }
    },
    "node_modules/@types/uuid": {
      "version": "9.0.8",
      "dev": true,
      "license": "MIT"
    },
    "node_modules/acorn": {
      "version": "8.15.0",
      "dev": true,
      "license": "MIT",
      "bin": {
        "acorn": "bin/acorn"
      },
      "engines": {
        "node": ">=0.4.0"
      }
    },
    "node_modules/acorn-walk": {
      "version": "8.3.4",
      "dev": true,
      "license": "MIT",
      "dependencies": {
        "acorn": "^8.11.0"
      },
      "engines": {
        "node": ">=0.4.0"
      }
    },
    "node_modules/arg": {
      "version": "4.1.3",
      "dev": true,
      "license": "MIT"
    },
    "node_modules/bowser": {
      "version": "2.11.0",
      "dev": true,
      "license": "MIT"
    },
    "node_modules/create-require": {
      "version": "1.1.1",
      "dev": true,
      "license": "MIT"
    },
    "node_modules/diff": {
      "version": "4.0.2",
      "dev": true,
      "license": "BSD-3-Clause",
      "engines": {
        "node": ">=0.3.1"
      }
    },
    "node_modules/fast-xml-parser": {
      "version": "5.2.5",
      "dev": true,
      "funding": [
        {
          "type": "github",
          "url": "https://github.com/sponsors/NaturalIntelligence"
        }
      ],
      "license": "MIT",
      "dependencies": {
        "strnum": "^2.1.0"
      },
      "bin": {
        "fxparser": "src/cli/cli.js"
      }
    },
    "node_modules/make-error": {
      "version": "1.3.6",
      "dev": true,
      "license": "ISC"
    },
    "node_modules/strnum": {
      "version": "2.1.1",
      "dev": true,
      "funding": [
        {
          "type": "github",
          "url": "https://github.com/sponsors/NaturalIntelligence"
        }
      ],
      "license": "MIT"
    },
    "node_modules/ts-node": {
      "version": "10.9.2",
      "resolved": "https://registry.npmjs.org/ts-node/-/ts-node-10.9.2.tgz",
      "integrity": "sha512-f0FFpIdcHgn8zcPSbf1dRevwt047YMnaiJM3u2w2RewrB+fob/zePZcrOyQoLMMO7aBIddLcQIEK5dYjkLnGrQ==",
      "dev": true,
      "license": "MIT",
      "dependencies": {
        "@cspotcode/source-map-support": "^0.8.0",
        "@tsconfig/node10": "^1.0.7",
        "@tsconfig/node12": "^1.0.7",
        "@tsconfig/node14": "^1.0.0",
        "@tsconfig/node16": "^1.0.2",
        "acorn": "^8.4.1",
        "acorn-walk": "^8.1.1",
        "arg": "^4.1.0",
        "create-require": "^1.1.0",
        "diff": "^4.0.1",
        "make-error": "^1.1.1",
        "v8-compile-cache-lib": "^3.0.1",
        "yn": "3.1.1"
      },
      "bin": {
        "ts-node": "dist/bin.js",
        "ts-node-cwd": "dist/bin-cwd.js",
        "ts-node-esm": "dist/bin-esm.js",
        "ts-node-script": "dist/bin-script.js",
        "ts-node-transpile-only": "dist/bin-transpile.js",
        "ts-script": "dist/bin-script-deprecated.js"
      },
      "peerDependencies": {
        "@swc/core": ">=1.2.50",
        "@swc/wasm": ">=1.2.50",
        "@types/node": "*",
        "typescript": ">=2.7"
      },
      "peerDependenciesMeta": {
        "@swc/core": {
          "optional": true
        },
        "@swc/wasm": {
          "optional": true
        }
      }
    },
    "node_modules/tslib": {
      "version": "2.8.1",
      "dev": true,
      "license": "0BSD"
    },
    "node_modules/typescript": {
      "version": "5.9.2",
      "resolved": "https://registry.npmjs.org/typescript/-/typescript-5.9.2.tgz",
      "integrity": "sha512-CWBzXQrc/qOkhidw1OzBTQuYRbfyxDXJMVJ1XNwUHGROVmuaeiEm3OslpZ1RV96d7SKKjZKrSJu3+t/xlw3R9A==",
      "dev": true,
      "license": "Apache-2.0",
      "bin": {
        "tsc": "bin/tsc",
        "tsserver": "bin/tsserver"
      },
      "engines": {
        "node": ">=14.17"
      }
    },
    "node_modules/undici-types": {
      "version": "7.10.0",
      "resolved": "https://registry.npmjs.org/undici-types/-/undici-types-7.10.0.tgz",
      "integrity": "sha512-t5Fy/nfn+14LuOc2KNYg75vZqClpAiqscVvMygNnlsHBFpSXdJaYtXMcdNLpl/Qvc3P2cB3s6lOV51nqsFq4ag==",
      "dev": true,
      "license": "MIT"
    },
    "node_modules/uuid": {
      "version": "9.0.1",
      "dev": true,
      "funding": [
        "https://github.com/sponsors/broofa",
        "https://github.com/sponsors/ctavan"
      ],
      "license": "MIT",
      "bin": {
        "uuid": "dist/bin/uuid"
      }
    },
    "node_modules/v8-compile-cache-lib": {
      "version": "3.0.1",
      "dev": true,
      "license": "MIT"
    },
    "node_modules/yn": {
      "version": "3.1.1",
      "dev": true,
      "license": "MIT",
      "engines": {
        "node": ">=6"
      }
    }
  }
}
